// !$*UTF8*$!
{
	archiveVersion = 1;
	classes = {
	};
	objectVersion = 50;
	objects = {

/* Begin PBXBuildFile section */
		5D8F0D8523D11BAC00AE8932 /* AppDelegate.swift in Sources */ = {isa = PBXBuildFile; fileRef = 5D8F0D8423D11BAC00AE8932 /* AppDelegate.swift */; };
		5D8F0D8723D11BAC00AE8932 /* SceneDelegate.swift in Sources */ = {isa = PBXBuildFile; fileRef = 5D8F0D8623D11BAC00AE8932 /* SceneDelegate.swift */; };
		5D8F0D8923D11BAC00AE8932 /* ViewController.swift in Sources */ = {isa = PBXBuildFile; fileRef = 5D8F0D8823D11BAC00AE8932 /* ViewController.swift */; };
		5D8F0D8C23D11BAC00AE8932 /* Main.storyboard in Resources */ = {isa = PBXBuildFile; fileRef = 5D8F0D8A23D11BAC00AE8932 /* Main.storyboard */; };
		5D8F0D8E23D11BAF00AE8932 /* Assets.xcassets in Resources */ = {isa = PBXBuildFile; fileRef = 5D8F0D8D23D11BAF00AE8932 /* Assets.xcassets */; };
		5D8F0D9123D11BAF00AE8932 /* LaunchScreen.storyboard in Resources */ = {isa = PBXBuildFile; fileRef = 5D8F0D8F23D11BAF00AE8932 /* LaunchScreen.storyboard */; };
		5D8F0D9C23D11BAF00AE8932 /* my_second_appTests.swift in Sources */ = {isa = PBXBuildFile; fileRef = 5D8F0D9B23D11BAF00AE8932 /* my_second_appTests.swift */; };
		5D8F0DA723D11BB000AE8932 /* my_second_appUITests.swift in Sources */ = {isa = PBXBuildFile; fileRef = 5D8F0DA623D11BB000AE8932 /* my_second_appUITests.swift */; };
/* End PBXBuildFile section */

/* Begin PBXContainerItemProxy section */
		5D8F0D9823D11BAF00AE8932 /* PBXContainerItemProxy */ = {
			isa = PBXContainerItemProxy;
			containerPortal = 5D8F0D7923D11BAC00AE8932 /* Project object */;
			proxyType = 1;
			remoteGlobalIDString = 5D8F0D8023D11BAC00AE8932;
			remoteInfo = "my second app";
		};
		5D8F0DA323D11BB000AE8932 /* PBXContainerItemProxy */ = {
			isa = PBXContainerItemProxy;
			containerPortal = 5D8F0D7923D11BAC00AE8932 /* Project object */;
			proxyType = 1;
			remoteGlobalIDString = 5D8F0D8023D11BAC00AE8932;
			remoteInfo = "my second app";
		};
/* End PBXContainerItemProxy section */

/* Begin PBXFileReference section */
		5D8F0D8123D11BAC00AE8932 /* my second app.app */ = {isa = PBXFileReference; explicitFileType = wrapper.application; includeInIndex = 0; path = "my second app.app"; sourceTree = BUILT_PRODUCTS_DIR; };
		5D8F0D8423D11BAC00AE8932 /* AppDelegate.swift */ = {isa = PBXFileReference; lastKnownFileType = sourcecode.swift; path = AppDelegate.swift; sourceTree = "<group>"; };
		5D8F0D8623D11BAC00AE8932 /* SceneDelegate.swift */ = {isa = PBXFileReference; lastKnownFileType = sourcecode.swift; path = SceneDelegate.swift; sourceTree = "<group>"; };
		5D8F0D8823D11BAC00AE8932 /* ViewController.swift */ = {isa = PBXFileReference; lastKnownFileType = sourcecode.swift; path = ViewController.swift; sourceTree = "<group>"; };
		5D8F0D8B23D11BAC00AE8932 /* Base */ = {isa = PBXFileReference; lastKnownFileType = file.storyboard; name = Base; path = Base.lproj/Main.storyboard; sourceTree = "<group>"; };
		5D8F0D8D23D11BAF00AE8932 /* Assets.xcassets */ = {isa = PBXFileReference; lastKnownFileType = folder.assetcatalog; path = Assets.xcassets; sourceTree = "<group>"; };
		5D8F0D9023D11BAF00AE8932 /* Base */ = {isa = PBXFileReference; lastKnownFileType = file.storyboard; name = Base; path = Base.lproj/LaunchScreen.storyboard; sourceTree = "<group>"; };
		5D8F0D9223D11BAF00AE8932 /* Info.plist */ = {isa = PBXFileReference; lastKnownFileType = text.plist.xml; path = Info.plist; sourceTree = "<group>"; };
		5D8F0D9723D11BAF00AE8932 /* my second appTests.xctest */ = {isa = PBXFileReference; explicitFileType = wrapper.cfbundle; includeInIndex = 0; path = "my second appTests.xctest"; sourceTree = BUILT_PRODUCTS_DIR; };
		5D8F0D9B23D11BAF00AE8932 /* my_second_appTests.swift */ = {isa = PBXFileReference; lastKnownFileType = sourcecode.swift; path = my_second_appTests.swift; sourceTree = "<group>"; };
		5D8F0D9D23D11BAF00AE8932 /* Info.plist */ = {isa = PBXFileReference; lastKnownFileType = text.plist.xml; path = Info.plist; sourceTree = "<group>"; };
		5D8F0DA223D11BB000AE8932 /* my second appUITests.xctest */ = {isa = PBXFileReference; explicitFileType = wrapper.cfbundle; includeInIndex = 0; path = "my second appUITests.xctest"; sourceTree = BUILT_PRODUCTS_DIR; };
		5D8F0DA623D11BB000AE8932 /* my_second_appUITests.swift */ = {isa = PBXFileReference; lastKnownFileType = sourcecode.swift; path = my_second_appUITests.swift; sourceTree = "<group>"; };
		5D8F0DA823D11BB000AE8932 /* Info.plist */ = {isa = PBXFileReference; lastKnownFileType = text.plist.xml; path = Info.plist; sourceTree = "<group>"; };
/* End PBXFileReference section */

/* Begin PBXFrameworksBuildPhase section */
		5D8F0D7E23D11BAC00AE8932 /* Frameworks */ = {
			isa = PBXFrameworksBuildPhase;
			buildActionMask = 2147483647;
			files = (
			);
			runOnlyForDeploymentPostprocessing = 0;
		};
		5D8F0D9423D11BAF00AE8932 /* Frameworks */ = {
			isa = PBXFrameworksBuildPhase;
			buildActionMask = 2147483647;
			files = (
			);
			runOnlyForDeploymentPostprocessing = 0;
		};
		5D8F0D9F23D11BB000AE8932 /* Frameworks */ = {
			isa = PBXFrameworksBuildPhase;
			buildActionMask = 2147483647;
			files = (
			);
			runOnlyForDeploymentPostprocessing = 0;
		};
/* End PBXFrameworksBuildPhase section */

/* Begin PBXGroup section */
		5D8F0D7823D11BAC00AE8932 = {
			isa = PBXGroup;
			children = (
				5D8F0D8323D11BAC00AE8932 /* my second app */,
				5D8F0D9A23D11BAF00AE8932 /* my second appTests */,
				5D8F0DA523D11BB000AE8932 /* my second appUITests */,
				5D8F0D8223D11BAC00AE8932 /* Products */,
			);
			sourceTree = "<group>";
		};
		5D8F0D8223D11BAC00AE8932 /* Products */ = {
			isa = PBXGroup;
			children = (
				5D8F0D8123D11BAC00AE8932 /* my second app.app */,
				5D8F0D9723D11BAF00AE8932 /* my second appTests.xctest */,
				5D8F0DA223D11BB000AE8932 /* my second appUITests.xctest */,
			);
			name = Products;
			sourceTree = "<group>";
		};
		5D8F0D8323D11BAC00AE8932 /* my second app */ = {
			isa = PBXGroup;
			children = (
				5D8F0D8423D11BAC00AE8932 /* AppDelegate.swift */,
				5D8F0D8623D11BAC00AE8932 /* SceneDelegate.swift */,
				5D8F0D8823D11BAC00AE8932 /* ViewController.swift */,
				5D8F0D8A23D11BAC00AE8932 /* Main.storyboard */,
				5D8F0D8D23D11BAF00AE8932 /* Assets.xcassets */,
				5D8F0D8F23D11BAF00AE8932 /* LaunchScreen.storyboard */,
				5D8F0D9223D11BAF00AE8932 /* Info.plist */,
			);
			path = "my second app";
			sourceTree = "<group>";
		};
		5D8F0D9A23D11BAF00AE8932 /* my second appTests */ = {
			isa = PBXGroup;
			children = (
				5D8F0D9B23D11BAF00AE8932 /* my_second_appTests.swift */,
				5D8F0D9D23D11BAF00AE8932 /* Info.plist */,
			);
			path = "my second appTests";
			sourceTree = "<group>";
		};
		5D8F0DA523D11BB000AE8932 /* my second appUITests */ = {
			isa = PBXGroup;
			children = (
				5D8F0DA623D11BB000AE8932 /* my_second_appUITests.swift */,
				5D8F0DA823D11BB000AE8932 /* Info.plist */,
			);
			path = "my second appUITests";
			sourceTree = "<group>";
		};
/* End PBXGroup section */

/* Begin PBXNativeTarget section */
		5D8F0D8023D11BAC00AE8932 /* my second app */ = {
			isa = PBXNativeTarget;
			buildConfigurationList = 5D8F0DAB23D11BB000AE8932 /* Build configuration list for PBXNativeTarget "my second app" */;
			buildPhases = (
				5D8F0D7D23D11BAC00AE8932 /* Sources */,
				5D8F0D7E23D11BAC00AE8932 /* Frameworks */,
				5D8F0D7F23D11BAC00AE8932 /* Resources */,
			);
			buildRules = (
			);
			dependencies = (
			);
			name = "my second app";
			productName = "my second app";
			productReference = 5D8F0D8123D11BAC00AE8932 /* my second app.app */;
			productType = "com.apple.product-type.application";
		};
		5D8F0D9623D11BAF00AE8932 /* my second appTests */ = {
			isa = PBXNativeTarget;
			buildConfigurationList = 5D8F0DAE23D11BB000AE8932 /* Build configuration list for PBXNativeTarget "my second appTests" */;
			buildPhases = (
				5D8F0D9323D11BAF00AE8932 /* Sources */,
				5D8F0D9423D11BAF00AE8932 /* Frameworks */,
				5D8F0D9523D11BAF00AE8932 /* Resources */,
			);
			buildRules = (
			);
			dependencies = (
				5D8F0D9923D11BAF00AE8932 /* PBXTargetDependency */,
			);
			name = "my second appTests";
			productName = "my second appTests";
			productReference = 5D8F0D9723D11BAF00AE8932 /* my second appTests.xctest */;
			productType = "com.apple.product-type.bundle.unit-test";
		};
		5D8F0DA123D11BB000AE8932 /* my second appUITests */ = {
			isa = PBXNativeTarget;
			buildConfigurationList = 5D8F0DB123D11BB000AE8932 /* Build configuration list for PBXNativeTarget "my second appUITests" */;
			buildPhases = (
				5D8F0D9E23D11BB000AE8932 /* Sources */,
				5D8F0D9F23D11BB000AE8932 /* Frameworks */,
				5D8F0DA023D11BB000AE8932 /* Resources */,
			);
			buildRules = (
			);
			dependencies = (
				5D8F0DA423D11BB000AE8932 /* PBXTargetDependency */,
			);
			name = "my second appUITests";
			productName = "my second appUITests";
			productReference = 5D8F0DA223D11BB000AE8932 /* my second appUITests.xctest */;
			productType = "com.apple.product-type.bundle.ui-testing";
		};
/* End PBXNativeTarget section */

/* Begin PBXProject section */
		5D8F0D7923D11BAC00AE8932 /* Project object */ = {
			isa = PBXProject;
			attributes = {
				LastSwiftUpdateCheck = 1130;
				LastUpgradeCheck = 1130;
				ORGANIZATIONNAME = "Muhammed Essa";
				TargetAttributes = {
					5D8F0D8023D11BAC00AE8932 = {
						CreatedOnToolsVersion = 11.3.1;
					};
					5D8F0D9623D11BAF00AE8932 = {
						CreatedOnToolsVersion = 11.3.1;
						TestTargetID = 5D8F0D8023D11BAC00AE8932;
					};
					5D8F0DA123D11BB000AE8932 = {
						CreatedOnToolsVersion = 11.3.1;
						TestTargetID = 5D8F0D8023D11BAC00AE8932;
					};
				};
			};
			buildConfigurationList = 5D8F0D7C23D11BAC00AE8932 /* Build configuration list for PBXProject "my second app" */;
			compatibilityVersion = "Xcode 9.3";
			developmentRegion = en;
			hasScannedForEncodings = 0;
			knownRegions = (
				en,
				Base,
			);
			mainGroup = 5D8F0D7823D11BAC00AE8932;
			productRefGroup = 5D8F0D8223D11BAC00AE8932 /* Products */;
			projectDirPath = "";
			projectRoot = "";
			targets = (
				5D8F0D8023D11BAC00AE8932 /* my second app */,
				5D8F0D9623D11BAF00AE8932 /* my second appTests */,
				5D8F0DA123D11BB000AE8932 /* my second appUITests */,
			);
		};
/* End PBXProject section */

/* Begin PBXResourcesBuildPhase section */
		5D8F0D7F23D11BAC00AE8932 /* Resources */ = {
			isa = PBXResourcesBuildPhase;
			buildActionMask = 2147483647;
			files = (
				5D8F0D9123D11BAF00AE8932 /* LaunchScreen.storyboard in Resources */,
				5D8F0D8E23D11BAF00AE8932 /* Assets.xcassets in Resources */,
				5D8F0D8C23D11BAC00AE8932 /* Main.storyboard in Resources */,
			);
			runOnlyForDeploymentPostprocessing = 0;
		};
		5D8F0D9523D11BAF00AE8932 /* Resources */ = {
			isa = PBXResourcesBuildPhase;
			buildActionMask = 2147483647;
			files = (
			);
			runOnlyForDeploymentPostprocessing = 0;
		};
		5D8F0DA023D11BB000AE8932 /* Resources */ = {
			isa = PBXResourcesBuildPhase;
			buildActionMask = 2147483647;
			files = (
			);
			runOnlyForDeploymentPostprocessing = 0;
		};
/* End PBXResourcesBuildPhase section */

/* Begin PBXSourcesBuildPhase section */
		5D8F0D7D23D11BAC00AE8932 /* Sources */ = {
			isa = PBXSourcesBuildPhase;
			buildActionMask = 2147483647;
			files = (
				5D8F0D8923D11BAC00AE8932 /* ViewController.swift in Sources */,
				5D8F0D8523D11BAC00AE8932 /* AppDelegate.swift in Sources */,
				5D8F0D8723D11BAC00AE8932 /* SceneDelegate.swift in Sources */,
			);
			runOnlyForDeploymentPostprocessing = 0;
		};
		5D8F0D9323D11BAF00AE8932 /* Sources */ = {
			isa = PBXSourcesBuildPhase;
			buildActionMask = 2147483647;
			files = (
				5D8F0D9C23D11BAF00AE8932 /* my_second_appTests.swift in Sources */,
			);
			runOnlyForDeploymentPostprocessing = 0;
		};
		5D8F0D9E23D11BB000AE8932 /* Sources */ = {
			isa = PBXSourcesBuildPhase;
			buildActionMask = 2147483647;
			files = (
				5D8F0DA723D11BB000AE8932 /* my_second_appUITests.swift in Sources */,
			);
			runOnlyForDeploymentPostprocessing = 0;
		};
/* End PBXSourcesBuildPhase section */

/* Begin PBXTargetDependency section */
		5D8F0D9923D11BAF00AE8932 /* PBXTargetDependency */ = {
			isa = PBXTargetDependency;
			target = 5D8F0D8023D11BAC00AE8932 /* my second app */;
			targetProxy = 5D8F0D9823D11BAF00AE8932 /* PBXContainerItemProxy */;
		};
		5D8F0DA423D11BB000AE8932 /* PBXTargetDependency */ = {
			isa = PBXTargetDependency;
			target = 5D8F0D8023D11BAC00AE8932 /* my second app */;
			targetProxy = 5D8F0DA323D11BB000AE8932 /* PBXContainerItemProxy */;
		};
/* End PBXTargetDependency section */

/* Begin PBXVariantGroup section */
		5D8F0D8A23D11BAC00AE8932 /* Main.storyboard */ = {
			isa = PBXVariantGroup;
			children = (
				5D8F0D8B23D11BAC00AE8932 /* Base */,
			);
			name = Main.storyboard;
			sourceTree = "<group>";
		};
		5D8F0D8F23D11BAF00AE8932 /* LaunchScreen.storyboard */ = {
			isa = PBXVariantGroup;
			children = (
				5D8F0D9023D11BAF00AE8932 /* Base */,
			);
			name = LaunchScreen.storyboard;
			sourceTree = "<group>";
		};
/* End PBXVariantGroup section */

/* Begin XCBuildConfiguration section */
		5D8F0DA923D11BB000AE8932 /* Debug */ = {
			isa = XCBuildConfiguration;
			buildSettings = {
				ALWAYS_SEARCH_USER_PATHS = NO;
				CLANG_ANALYZER_NONNULL = YES;
				CLANG_ANALYZER_NUMBER_OBJECT_CONVERSION = YES_AGGRESSIVE;
				CLANG_CXX_LANGUAGE_STANDARD = "gnu++14";
				CLANG_CXX_LIBRARY = "libc++";
				CLANG_ENABLE_MODULES = YES;
				CLANG_ENABLE_OBJC_ARC = YES;
				CLANG_ENABLE_OBJC_WEAK = YES;
				CLANG_WARN_BLOCK_CAPTURE_AUTORELEASING = YES;
				CLANG_WARN_BOOL_CONVERSION = YES;
				CLANG_WARN_COMMA = YES;
				CLANG_WARN_CONSTANT_CONVERSION = YES;
				CLANG_WARN_DEPRECATED_OBJC_IMPLEMENTATIONS = YES;
				CLANG_WARN_DIRECT_OBJC_ISA_USAGE = YES_ERROR;
				CLANG_WARN_DOCUMENTATION_COMMENTS = YES;
				CLANG_WARN_EMPTY_BODY = YES;
				CLANG_WARN_ENUM_CONVERSION = YES;
				CLANG_WARN_INFINITE_RECURSION = YES;
				CLANG_WARN_INT_CONVERSION = YES;
				CLANG_WARN_NON_LITERAL_NULL_CONVERSION = YES;
				CLANG_WARN_OBJC_IMPLICIT_RETAIN_SELF = YES;
				CLANG_WARN_OBJC_LITERAL_CONVERSION = YES;
				CLANG_WARN_OBJC_ROOT_CLASS = YES_ERROR;
				CLANG_WARN_RANGE_LOOP_ANALYSIS = YES;
				CLANG_WARN_STRICT_PROTOTYPES = YES;
				CLANG_WARN_SUSPICIOUS_MOVE = YES;
				CLANG_WARN_UNGUARDED_AVAILABILITY = YES_AGGRESSIVE;
				CLANG_WARN_UNREACHABLE_CODE = YES;
				CLANG_WARN__DUPLICATE_METHOD_MATCH = YES;
				COPY_PHASE_STRIP = NO;
				DEBUG_INFORMATION_FORMAT = dwarf;
				ENABLE_STRICT_OBJC_MSGSEND = YES;
				ENABLE_TESTABILITY = YES;
				GCC_C_LANGUAGE_STANDARD = gnu11;
				GCC_DYNAMIC_NO_PIC = NO;
				GCC_NO_COMMON_BLOCKS = YES;
				GCC_OPTIMIZATION_LEVEL = 0;
				GCC_PREPROCESSOR_DEFINITIONS = (
					"DEBUG=1",
					"$(inherited)",
				);
				GCC_WARN_64_TO_32_BIT_CONVERSION = YES;
				GCC_WARN_ABOUT_RETURN_TYPE = YES_ERROR;
				GCC_WARN_UNDECLARED_SELECTOR = YES;
				GCC_WARN_UNINITIALIZED_AUTOS = YES_AGGRESSIVE;
				GCC_WARN_UNUSED_FUNCTION = YES;
				GCC_WARN_UNUSED_VARIABLE = YES;
				IPHONEOS_DEPLOYMENT_TARGET = 13.2;
				MTL_ENABLE_DEBUG_INFO = INCLUDE_SOURCE;
				MTL_FAST_MATH = YES;
				ONLY_ACTIVE_ARCH = YES;
				SDKROOT = iphoneos;
				SWIFT_ACTIVE_COMPILATION_CONDITIONS = DEBUG;
				SWIFT_OPTIMIZATION_LEVEL = "-Onone";
			};
			name = Debug;
		};
		5D8F0DAA23D11BB000AE8932 /* Release */ = {
			isa = XCBuildConfiguration;
			buildSettings = {
				ALWAYS_SEARCH_USER_PATHS = NO;
				CLANG_ANALYZER_NONNULL = YES;
				CLANG_ANALYZER_NUMBER_OBJECT_CONVERSION = YES_AGGRESSIVE;
				CLANG_CXX_LANGUAGE_STANDARD = "gnu++14";
				CLANG_CXX_LIBRARY = "libc++";
				CLANG_ENABLE_MODULES = YES;
				CLANG_ENABLE_OBJC_ARC = YES;
				CLANG_ENABLE_OBJC_WEAK = YES;
				CLANG_WARN_BLOCK_CAPTURE_AUTORELEASING = YES;
				CLANG_WARN_BOOL_CONVERSION = YES;
				CLANG_WARN_COMMA = YES;
				CLANG_WARN_CONSTANT_CONVERSION = YES;
				CLANG_WARN_DEPRECATED_OBJC_IMPLEMENTATIONS = YES;
				CLANG_WARN_DIRECT_OBJC_ISA_USAGE = YES_ERROR;
				CLANG_WARN_DOCUMENTATION_COMMENTS = YES;
				CLANG_WARN_EMPTY_BODY = YES;
				CLANG_WARN_ENUM_CONVERSION = YES;
				CLANG_WARN_INFINITE_RECURSION = YES;
				CLANG_WARN_INT_CONVERSION = YES;
				CLANG_WARN_NON_LITERAL_NULL_CONVERSION = YES;
				CLANG_WARN_OBJC_IMPLICIT_RETAIN_SELF = YES;
				CLANG_WARN_OBJC_LITERAL_CONVERSION = YES;
				CLANG_WARN_OBJC_ROOT_CLASS = YES_ERROR;
				CLANG_WARN_RANGE_LOOP_ANALYSIS = YES;
				CLANG_WARN_STRICT_PROTOTYPES = YES;
				CLANG_WARN_SUSPICIOUS_MOVE = YES;
				CLANG_WARN_UNGUARDED_AVAILABILITY = YES_AGGRESSIVE;
				CLANG_WARN_UNREACHABLE_CODE = YES;
				CLANG_WARN__DUPLICATE_METHOD_MATCH = YES;
				COPY_PHASE_STRIP = NO;
				DEBUG_INFORMATION_FORMAT = "dwarf-with-dsym";
				ENABLE_NS_ASSERTIONS = NO;
				ENABLE_STRICT_OBJC_MSGSEND = YES;
				GCC_C_LANGUAGE_STANDARD = gnu11;
				GCC_NO_COMMON_BLOCKS = YES;
				GCC_WARN_64_TO_32_BIT_CONVERSION = YES;
				GCC_WARN_ABOUT_RETURN_TYPE = YES_ERROR;
				GCC_WARN_UNDECLARED_SELECTOR = YES;
				GCC_WARN_UNINITIALIZED_AUTOS = YES_AGGRESSIVE;
				GCC_WARN_UNUSED_FUNCTION = YES;
				GCC_WARN_UNUSED_VARIABLE = YES;
				IPHONEOS_DEPLOYMENT_TARGET = 13.2;
				MTL_ENABLE_DEBUG_INFO = NO;
				MTL_FAST_MATH = YES;
				SDKROOT = iphoneos;
				SWIFT_COMPILATION_MODE = wholemodule;
				SWIFT_OPTIMIZATION_LEVEL = "-O";
				VALIDATE_PRODUCT = YES;
			};
			name = Release;
		};
		5D8F0DAC23D11BB000AE8932 /* Debug */ = {
			isa = XCBuildConfiguration;
			buildSettings = {
				ASSETCATALOG_COMPILER_APPICON_NAME = AppIcon;
				CODE_SIGN_STYLE = Automatic;
				INFOPLIST_FILE = "my second app/Info.plist";
				LD_RUNPATH_SEARCH_PATHS = (
					"$(inherited)",
					"@executable_path/Frameworks",
				);
				PRODUCT_BUNDLE_IDENTIFIER = "org.codeforiraq.my-second-app";
				PRODUCT_NAME = "$(TARGET_NAME)";
				SWIFT_VERSION = 5.0;
				TARGETED_DEVICE_FAMILY = "1,2";
			};
			name = Debug;
		};
		5D8F0DAD23D11BB000AE8932 /* Release */ = {
			isa = XCBuildConfiguration;
			buildSettings = {
				ASSETCATALOG_COMPILER_APPICON_NAME = AppIcon;
				CODE_SIGN_STYLE = Automatic;
				INFOPLIST_FILE = "my second app/Info.plist";
				LD_RUNPATH_SEARCH_PATHS = (
					"$(inherited)",
					"@executable_path/Frameworks",
				);
				PRODUCT_BUNDLE_IDENTIFIER = "org.codeforiraq.my-second-app";
				PRODUCT_NAME = "$(TARGET_NAME)";
				SWIFT_VERSION = 5.0;
				TARGETED_DEVICE_FAMILY = "1,2";
			};
			name = Release;
		};
		5D8F0DAF23D11BB000AE8932 /* Debug */ = {
			isa = XCBuildConfiguration;
			buildSettings = {
				ALWAYS_EMBED_SWIFT_STANDARD_LIBRARIES = YES;
				BUNDLE_LOADER = "$(TEST_HOST)";
				CODE_SIGN_STYLE = Automatic;
				INFOPLIST_FILE = "my second appTests/Info.plist";
				IPHONEOS_DEPLOYMENT_TARGET = 13.2;
				LD_RUNPATH_SEARCH_PATHS = (
					"$(inherited)",
					"@executable_path/Frameworks",
					"@loader_path/Frameworks",
				);
				PRODUCT_BUNDLE_IDENTIFIER = "org.codeforiraq.my-second-appTests";
				PRODUCT_NAME = "$(TARGET_NAME)";
				SWIFT_VERSION = 5.0;
				TARGETED_DEVICE_FAMILY = "1,2";
				TEST_HOST = "$(BUILT_PRODUCTS_DIR)/my second app.app/my second app";
			};
			name = Debug;
		};
		5D8F0DB023D11BB000AE8932 /* Release */ = {
			isa = XCBuildConfiguration;
			buildSettings = {
				ALWAYS_EMBED_SWIFT_STANDARD_LIBRARIES = YES;
				BUNDLE_LOADER = "$(TEST_HOST)";
				CODE_SIGN_STYLE = Automatic;
				INFOPLIST_FILE = "my second appTests/Info.plist";
				IPHONEOS_DEPLOYMENT_TARGET = 13.2;
				LD_RUNPATH_SEARCH_PATHS = (
					"$(inherited)",
					"@executable_path/Frameworks",
					"@loader_path/Frameworks",
				);
				PRODUCT_BUNDLE_IDENTIFIER = "org.codeforiraq.my-second-appTests";
				PRODUCT_NAME = "$(TARGET_NAME)";
				SWIFT_VERSION = 5.0;
				TARGETED_DEVICE_FAMILY = "1,2";
				TEST_HOST = "$(BUILT_PRODUCTS_DIR)/my second app.app/my second app";
			};
			name = Release;
		};
		5D8F0DB223D11BB000AE8932 /* Debug */ = {
			isa = XCBuildConfiguration;
			buildSettings = {
				ALWAYS_EMBED_SWIFT_STANDARD_LIBRARIES = YES;
				CODE_SIGN_STYLE = Automatic;
				INFOPLIST_FILE = "my second appUITests/Info.plist";
				LD_RUNPATH_SEARCH_PATHS = (
					"$(inherited)",
					"@executable_path/Frameworks",
					"@loader_path/Frameworks",
				);
				PRODUCT_BUNDLE_IDENTIFIER = "org.codeforiraq.my-second-appUITests";
				PRODUCT_NAME = "$(TARGET_NAME)";
				SWIFT_VERSION = 5.0;
				TARGETED_DEVICE_FAMILY = "1,2";
				TEST_TARGET_NAME = "my second app";
			};
			name = Debug;
		};
		5D8F0DB323D11BB000AE8932 /* Release */ = {
			isa = XCBuildConfiguration;
			buildSettings = {
				ALWAYS_EMBED_SWIFT_STANDARD_LIBRARIES = YES;
				CODE_SIGN_STYLE = Automatic;
				INFOPLIST_FILE = "my second appUITests/Info.plist";
				LD_RUNPATH_SEARCH_PATHS = (
					"$(inherited)",
					"@executable_path/Frameworks",
					"@loader_path/Frameworks",
				);
				PRODUCT_BUNDLE_IDENTIFIER = "org.codeforiraq.my-second-appUITests";
				PRODUCT_NAME = "$(TARGET_NAME)";
				SWIFT_VERSION = 5.0;
				TARGETED_DEVICE_FAMILY = "1,2";
				TEST_TARGET_NAME = "my second app";
			};
			name = Release;
		};
/* End XCBuildConfiguration section */

/* Begin XCConfigurationList section */
		5D8F0D7C23D11BAC00AE8932 /* Build configuration list for PBXProject "my second app" */ = {
			isa = XCConfigurationList;
			buildConfigurations = (
				5D8F0DA923D11BB000AE8932 /* Debug */,
				5D8F0DAA23D11BB000AE8932 /* Release */,
			);
			defaultConfigurationIsVisible = 0;
			defaultConfigurationName = Release;
		};
		5D8F0DAB23D11BB000AE8932 /* Build configuration list for PBXNativeTarget "my second app" */ = {
			isa = XCConfigurationList;
			buildConfigurations = (
				5D8F0DAC23D11BB000AE8932 /* Debug */,
				5D8F0DAD23D11BB000AE8932 /* Release */,
			);
			defaultConfigurationIsVisible = 0;
			defaultConfigurationName = Release;
		};
		5D8F0DAE23D11BB000AE8932 /* Build configuration list for PBXNativeTarget "my second appTests" */ = {
			isa = XCConfigurationList;
			buildConfigurations = (
				5D8F0DAF23D11BB000AE8932 /* Debug */,
				5D8F0DB023D11BB000AE8932 /* Release */,
			);
			defaultConfigurationIsVisible = 0;
			defaultConfigurationName = Release;
		};
		5D8F0DB123D11BB000AE8932 /* Build configuration list for PBXNativeTarget "my second appUITests" */ = {
			isa = XCConfigurationList;
			buildConfigurations = (
				5D8F0DB223D11BB000AE8932 /* Debug */,
				5D8F0DB323D11BB000AE8932 /* Release */,
			);
			defaultConfigurationIsVisible = 0;
			defaultConfigurationName = Release;
		};
/* End XCConfigurationList section */
	};
	rootObject = 5D8F0D7923D11BAC00AE8932 /* Project object */;
}
